<?xml version="1.0" encoding="utf-8"?>
<Project ToolsVersion="4.0" xmlns="http://schemas.microsoft.com/developer/msbuild/2003">
  <ItemGroup>
    <ClCompile Include="src\Ally.cpp" />
    <ClCompile Include="src\ChildEnemy.cpp" />
    <ClCompile Include="src\DashParticle.cpp" />
    <ClCompile Include="src\DialoguesManager.cpp" />
    <ClCompile Include="src\CurrencyOrb.cpp" />
    <ClCompile Include="src\CurrencyManager.cpp" />
    <ClCompile Include="src\FinalBoss.cpp" />
    <ClCompile Include="src\JumpingEnemy.cpp" />
    <ClCompile Include="src\Merchant.cpp" />
    <ClCompile Include="src\PickaxeManager.cpp" />
    <ClCompile Include="src\Bullet.cpp" />
    <ClCompile Include="src\DeathMenu.cpp" />
    <ClCompile Include="src\GroundEnemy.cpp" />
    <ClCompile Include="src\BatEnemy.cpp" />
    <ClCompile Include="src\Audio.cpp" />
    <ClCompile Include="src\Enemy.cpp" />
    <ClCompile Include="src\Engine.cpp" />
    <ClCompile Include="src\EntityManager.cpp" />
    <ClCompile Include="src\GuiControlButton.cpp" />
    <ClCompile Include="src\GuiControlCheckBox.cpp" />
    <ClCompile Include="src\GuiManager.cpp" />
    <ClCompile Include="src\GuiControlSlider.cpp" />
    <ClCompile Include="src\Input.cpp" />
    <ClCompile Include="src\Intro.cpp" />
    <ClCompile Include="src\MainMenu.cpp" />
    <ClCompile Include="src\FadeToBlack.cpp" />
    <ClCompile Include="src\RunningEnemy.cpp" />
    <ClCompile Include="src\Settings.cpp" />
    <ClCompile Include="src\CheckPoint.cpp" />
    <ClCompile Include="src\Log.cpp" />
    <ClCompile Include="src\Map.cpp" />
    <ClCompile Include="src\Pathfinding.cpp" />
    <ClCompile Include="src\PerfTimer.cpp" />
    <ClCompile Include="src\Physics.cpp" />
    <ClCompile Include="src\PlatformGame.cpp" />
    <ClCompile Include="src\Player.cpp" />
    <ClCompile Include="src\Render.cpp" />
    <ClCompile Include="src\Scene.cpp" />
    <ClCompile Include="src\SoulRock.cpp" />
    <ClCompile Include="src\SoulRockParticle.cpp" />
    <ClCompile Include="src\TextManager.cpp" />
    <ClCompile Include="src\Textures.cpp" />
    <ClCompile Include="src\Timer.cpp" />
    <ClCompile Include="src\UpgradesMenu.cpp" />
    <ClCompile Include="src\MerchantMenu.cpp" />
    <ClCompile Include="src\Vector2D.cpp" />
    <ClCompile Include="src\WallBrakerParticle.cpp" />
    <ClCompile Include="src\Window.cpp" />
    <ClCompile Include="src\WinMenu.cpp" />
    <ClCompile Include="src\ParticleManager.cpp" />
    <ClCompile Include="src\CutscenePlayer.cpp">
      <Filter>CutsceneManager</Filter>
    </ClCompile>
    <ClCompile Include="src\DestructibleWall.cpp" />
  </ItemGroup>
  <ItemGroup>
    <ClInclude Include="src\Ally.h" />
    <ClInclude Include="src\ChildEnemy.h" />
    <ClInclude Include="src\DashParticle.h" />
    <ClInclude Include="src\DialoguesManager.h" />
    <ClInclude Include="src\CurrencyOrb.h" />
    <ClInclude Include="src\CurrencyManager.h" />
    <ClInclude Include="src\FinalBoss.h" />
    <ClInclude Include="src\JumpingEnemy.h" />
    <ClInclude Include="src\Merchant.h" />
    <ClInclude Include="src\MerchantMenu.h" />
    <ClInclude Include="src\PickaxeManager.h" />
    <ClInclude Include="src\Bullet.h" />
    <ClInclude Include="src\DeathMenu.h" />
    <ClInclude Include="src\GroundEnemy.h" />
    <ClInclude Include="src\BatEnemy.h" />
    <ClInclude Include="src\Animation.h" />
    <ClInclude Include="src\Audio.h" />
    <ClInclude Include="src\Enemy.h" />
    <ClInclude Include="src\Engine.h" />
    <ClInclude Include="src\Entity.h" />
    <ClInclude Include="src\EntityManager.h" />
    <ClInclude Include="src\GuiControl.h" />
    <ClInclude Include="src\GuiControlButton.h" />
    <ClInclude Include="src\GuiControlCheckBox.h" />
    <ClInclude Include="src\GuiManager.h" />
    <ClInclude Include="src\GuiControlSlider.h" />
    <ClInclude Include="src\Input.h" />
    <ClInclude Include="src\Intro.h" />
    <ClInclude Include="src\MainMenu.h" />
    <ClInclude Include="src\FadeToBlack.h" />
    <ClInclude Include="src\CheckPoint.h" />
    <ClInclude Include="src\Log.h" />
    <ClInclude Include="src\Map.h" />
    <ClInclude Include="src\Module.h" />
    <ClInclude Include="src\Particle.h" />
    <ClInclude Include="src\Pathfinding.h" />
    <ClInclude Include="src\PerfTimer.h" />
    <ClInclude Include="src\Physics.h" />
    <ClInclude Include="src\Player.h" />
    <ClInclude Include="src\Render.h" />
    <ClInclude Include="src\RunningEnemy.h" />
    <ClInclude Include="src\Scene.h" />
    <ClInclude Include="src\Settings.h" />
    <ClInclude Include="src\SoulRock.h" />
    <ClInclude Include="src\SoulRockParticle.h" />
    <ClInclude Include="src\TextManager.h" />
    <ClInclude Include="src\Textures.h" />
    <ClInclude Include="src\Timer.h" />
    <ClInclude Include="src\UpgradesMenu.h" />
    <ClInclude Include="src\Vector2D.h" />
    <ClInclude Include="src\WallBrakerParticle.h" />
    <ClInclude Include="src\Window.h" />
    <ClInclude Include="src\WinMenu.h" />
    <ClInclude Include="src\ParticleManager.h" />
    <ClInclude Include="src\CutscenePlayer.h">
      <Filter>CutsceneManager</Filter>
    </ClInclude>
    <ClInclude Include="src\DestructibleWall.h" />
  </ItemGroup>
  <ItemGroup>
    <Xml Include="config.xml" />
    <Xml Include="savedData.xml" />
    <Xml Include="texts.xml" />
  </ItemGroup>
  <ItemGroup>
    <None Include=".gitignore" />
    <None Include="vcpkg-configuration.json" />
    <None Include="vcpkg.json" />
  </ItemGroup>
  <ItemGroup>
    <Filter Include="CutsceneManager">
      <UniqueIdentifier>{310bd411-2360-44fe-b14a-41895184ae58}</UniqueIdentifier>
    </Filter>
  </ItemGroup>
</Project>